
Microsoft Visual Studio Solution File, Format Version 12.00
# Visual Studio Version 17
VisualStudioVersion = 17.1.32210.238
MinimumVisualStudioVersion = 10.0.40219.1
Project("{9A19103F-16F7-4668-BE54-9A1E7A4F7556}") = "Sim Calc", "Sim Calc.csproj", "{5A0D8DB6-FE3F-4D66-B7DC-A458A8634C7F}"
EndProject
Global
	GlobalSection(SolutionConfigurationPlatforms) = preSolution
		Debug Production|Any CPU = Debug Production|Any CPU
		Debug Production|x64 = Debug Production|x64
		Debug|Any CPU = Debug|Any CPU
		Debug|x64 = Debug|x64
		Release|Any CPU = Release|Any CPU
		Release|x64 = Release|x64
	EndGlobalSection
	GlobalSection(ProjectConfigurationPlatforms) = postSolution
		{5A0D8DB6-FE3F-4D66-B7DC-A458A8634C7F}.Debug Production|Any CPU.ActiveCfg = D P|Any CPU
		{5A0D8DB6-FE3F-4D66-B7DC-A458A8634C7F}.Debug Production|Any CPU.Build.0 = D P|Any CPU
		{5A0D8DB6-FE3F-4D66-B7DC-A458A8634C7F}.Debug Production|x64.ActiveCfg = Debug|x64
		{5A0D8DB6-FE3F-4D66-B7DC-A458A8634C7F}.Debug Production|x64.Build.0 = Debug|x64
		{5A0D8DB6-FE3F-4D66-B7DC-A458A8634C7F}.Debug|Any CPU.ActiveCfg = Debug|Any CPU
		{5A0D8DB6-FE3F-4D66-B7DC-A458A8634C7F}.Debug|Any CPU.Build.0 = Debug|Any CPU
		{5A0D8DB6-FE3F-4D66-B7DC-A458A8634C7F}.Debug|x64.ActiveCfg = Debug|x64
		{5A0D8DB6-FE3F-4D66-B7DC-A458A8634C7F}.Debug|x64.Build.0 = Debug|x64
		{5A0D8DB6-FE3F-4D66-B7DC-A458A8634C7F}.Release|Any CPU.ActiveCfg = Release|Any CPU
		{5A0D8DB6-FE3F-4D66-B7DC-A458A8634C7F}.Release|Any CPU.Build.0 = Release|Any CPU
		{5A0D8DB6-FE3F-4D66-B7DC-A458A8634C7F}.Release|x64.ActiveCfg = Release|x64
		{5A0D8DB6-FE3F-4D66-B7DC-A458A8634C7F}.Release|x64.Build.0 = Release|x64
	EndGlobalSection
	GlobalSection(SolutionProperties) = preSolution
		HideSolutionNode = FALSE
	EndGlobalSection
	GlobalSection(ExtensibilityGlobals) = postSolution
		SolutionGuid = {525E67DD-A848-4F26-AD4E-3A4F7A836CA2}
	EndGlobalSection
EndGlobal
